<?xml version="1.0" encoding="utf-8"?>
<Project ToolsVersion="4.0" xmlns="http://schemas.microsoft.com/developer/msbuild/2003">
  <ItemGroup>
    <Filter Include="Server">
      <UniqueIdentifier>{600cbbb7-27da-4b71-b14b-a38674f171a9}</UniqueIdentifier>
    </Filter>
    <Filter Include="Define">
      <UniqueIdentifier>{1b35294c-546a-4a2c-b1e3-adb4b89ab0f6}</UniqueIdentifier>
    </Filter>
    <Filter Include="Utils">
      <UniqueIdentifier>{5c88103b-2864-4f3b-b8ee-13a2a1790503}</UniqueIdentifier>
    </Filter>
    <Filter Include="pch">
      <UniqueIdentifier>{93995380-89BD-4b04-88EB-625FBE52EBFB}</UniqueIdentifier>
      <Extensions>h;hh;hpp;hxx;h++;hm;inl;inc;ipp;xsd</Extensions>
    </Filter>
    <Filter Include="main">
      <UniqueIdentifier>{4FC737F1-C7A5-4376-A066-2A32D752A2FF}</UniqueIdentifier>
      <Extensions>cpp;c;cc;cxx;c++;cppm;ixx;def;odl;idl;hpj;bat;asm;asmx</Extensions>
    </Filter>
  </ItemGroup>
  <ItemGroup>
    <ClInclude Include="pch.h">
      <Filter>pch</Filter>
    </ClInclude>
    <ClInclude Include="EchoServer.h">
      <Filter>Server</Filter>
    </ClInclude>
    <ClInclude Include="EchoDefine.h">
      <Filter>Define</Filter>
    </ClInclude>
    <ClInclude Include="PacketBuilder.h">
      <Filter>Utils</Filter>
    </ClInclude>
    <ClInclude Include="EchoSystem.h">
      <Filter>Server</Filter>
    </ClInclude>
    <ClInclude Include="UserManager.h">
      <Filter>pch</Filter>
    </ClInclude>
    <ClInclude Include="User.h">
      <Filter>pch</Filter>
    </ClInclude>
  </ItemGroup>
  <ItemGroup>
    <ClCompile Include="main.cpp">
      <Filter>main</Filter>
    </ClCompile>
    <ClCompile Include="EchoServer.cpp">
      <Filter>Server</Filter>
    </ClCompile>
    <ClCompile Include="PacketBuilder.cpp">
      <Filter>Utils</Filter>
    </ClCompile>
    <ClCompile Include="pch.cpp">
      <Filter>pch</Filter>
    </ClCompile>
    <ClCompile Include="EchoSystem.cpp">
      <Filter>Server</Filter>
    </ClCompile>
    <ClCompile Include="UserManager.cpp">
      <Filter>main</Filter>
    </ClCompile>
    <ClCompile Include="User.cpp">
      <Filter>main</Filter>
    </ClCompile>
  </ItemGroup>
</Project>